
Microsoft Visual Studio Solution File, Format Version 12.00
# Visual Studio Version 17
VisualStudioVersion = 17.11.35327.3
MinimumVisualStudioVersion = 10.0.40219.1
Project("{FAE04EC0-301F-11D3-BF4B-00C04F79EFBC}") = "Getting params", "Getting params\Getting params.csproj", "{9DC45849-499E-440C-B7FE-4A8494C50DDC}"
EndProject
Global
	GlobalSection(SolutionConfigurationPlatforms) = preSolution
		Debug|Any CPU = Debug|Any CPU
		Release|Any CPU = Release|Any CPU
	EndGlobalSection
	GlobalSection(ProjectConfigurationPlatforms) = postSolution
		{9DC45849-499E-440C-B7FE-4A8494C50DDC}.Debug|Any CPU.ActiveCfg = Debug|Any CPU
		{9DC45849-499E-440C-B7FE-4A8494C50DDC}.Debug|Any CPU.Build.0 = Debug|Any CPU
		{9DC45849-499E-440C-B7FE-4A8494C50DDC}.Release|Any CPU.ActiveCfg = Release|Any CPU
		{9DC45849-499E-440C-B7FE-4A8494C50DDC}.Release|Any CPU.Build.0 = Release|Any CPU
	EndGlobalSection
	GlobalSection(SolutionProperties) = preSolution
		HideSolutionNode = FALSE
	EndGlobalSection
	GlobalSection(ExtensibilityGlobals) = postSolution
		SolutionGuid = {45160F24-55CB-460B-A24E-EFFD7B28BD53}
	EndGlobalSection
EndGlobal
